
Microsoft Visual Studio Solution File, Format Version 12.00
# Visual Studio Version 16
VisualStudioVersion = 16.0.30225.117
MinimumVisualStudioVersion = 10.0.40219.1
Project("{9A19103F-16F7-4668-BE54-9A1E7A4F7556}") = "DeltaX.LinSql.Table", "Source\DeltaX.LinSql.Table\DeltaX.LinSql.Table.csproj", "{7A5276C5-E09B-4A8A-BE90-D84EFED29031}"
EndProject
Project("{2150E333-8FDC-42A3-9474-1A3956D46DE8}") = "Source", "Source", "{77E9A452-C122-4516-8D02-E3E99C96FDCC}"
EndProject
Project("{2150E333-8FDC-42A3-9474-1A3956D46DE8}") = "Tests", "Tests", "{A32765A7-C0E2-401E-909B-3C28153CA7FE}"
EndProject
Project("{9A19103F-16F7-4668-BE54-9A1E7A4F7556}") = "DeltaX.LinSql.Query", "Source\DeltaX.LinSql.Query\DeltaX.LinSql.Query.csproj", "{10629B31-19B6-4CF9-97CC-59B803638AF3}"
EndProject
Project("{9A19103F-16F7-4668-BE54-9A1E7A4F7556}") = "DeltaX.LinSql.Query.UniTest", "Tests\DeltaX.LinSql.Query.UniTest\DeltaX.LinSql.Query.UniTest.csproj", "{17576479-4912-4C03-B444-9C952E3E7FFD}"
EndProject
Project("{9A19103F-16F7-4668-BE54-9A1E7A4F7556}") = "DeltaX.LinSql.Table.UniTest", "Tests\DeltaX.LinSql.Table.UniTest\DeltaX.LinSql.Table.UniTest.csproj", "{9844DB8E-3F13-4D92-9C58-10B290D402CA}"
EndProject
Global
	GlobalSection(SolutionConfigurationPlatforms) = preSolution
		Debug|Any CPU = Debug|Any CPU
		Release|Any CPU = Release|Any CPU
	EndGlobalSection
	GlobalSection(ProjectConfigurationPlatforms) = postSolution
		{7A5276C5-E09B-4A8A-BE90-D84EFED29031}.Debug|Any CPU.ActiveCfg = Debug|Any CPU
		{7A5276C5-E09B-4A8A-BE90-D84EFED29031}.Debug|Any CPU.Build.0 = Debug|Any CPU
		{7A5276C5-E09B-4A8A-BE90-D84EFED29031}.Release|Any CPU.ActiveCfg = Release|Any CPU
		{7A5276C5-E09B-4A8A-BE90-D84EFED29031}.Release|Any CPU.Build.0 = Release|Any CPU
		{10629B31-19B6-4CF9-97CC-59B803638AF3}.Debug|Any CPU.ActiveCfg = Debug|Any CPU
		{10629B31-19B6-4CF9-97CC-59B803638AF3}.Debug|Any CPU.Build.0 = Debug|Any CPU
		{10629B31-19B6-4CF9-97CC-59B803638AF3}.Release|Any CPU.ActiveCfg = Release|Any CPU
		{10629B31-19B6-4CF9-97CC-59B803638AF3}.Release|Any CPU.Build.0 = Release|Any CPU
		{17576479-4912-4C03-B444-9C952E3E7FFD}.Debug|Any CPU.ActiveCfg = Debug|Any CPU
		{17576479-4912-4C03-B444-9C952E3E7FFD}.Debug|Any CPU.Build.0 = Debug|Any CPU
		{17576479-4912-4C03-B444-9C952E3E7FFD}.Release|Any CPU.ActiveCfg = Release|Any CPU
		{17576479-4912-4C03-B444-9C952E3E7FFD}.Release|Any CPU.Build.0 = Release|Any CPU
		{9844DB8E-3F13-4D92-9C58-10B290D402CA}.Debug|Any CPU.ActiveCfg = Debug|Any CPU
		{9844DB8E-3F13-4D92-9C58-10B290D402CA}.Debug|Any CPU.Build.0 = Debug|Any CPU
		{9844DB8E-3F13-4D92-9C58-10B290D402CA}.Release|Any CPU.ActiveCfg = Release|Any CPU
		{9844DB8E-3F13-4D92-9C58-10B290D402CA}.Release|Any CPU.Build.0 = Release|Any CPU
	EndGlobalSection
	GlobalSection(SolutionProperties) = preSolution
		HideSolutionNode = FALSE
	EndGlobalSection
	GlobalSection(NestedProjects) = preSolution
		{7A5276C5-E09B-4A8A-BE90-D84EFED29031} = {77E9A452-C122-4516-8D02-E3E99C96FDCC}
		{10629B31-19B6-4CF9-97CC-59B803638AF3} = {77E9A452-C122-4516-8D02-E3E99C96FDCC}
		{17576479-4912-4C03-B444-9C952E3E7FFD} = {A32765A7-C0E2-401E-909B-3C28153CA7FE}
		{9844DB8E-3F13-4D92-9C58-10B290D402CA} = {A32765A7-C0E2-401E-909B-3C28153CA7FE}
	EndGlobalSection
	GlobalSection(ExtensibilityGlobals) = postSolution
		SolutionGuid = {007EB995-E04C-47B4-9A0B-8040DCA6CF10}
	EndGlobalSection
EndGlobal
